
Microsoft Visual Studio Solution File, Format Version 12.00
# Visual Studio 15
VisualStudioVersion = 15.0.28010.2050
MinimumVisualStudioVersion = 10.0.40219.1
Project("{FAE04EC0-301F-11D3-BF4B-00C04F79EFBC}") = "App01_LayoutXF.Android", "App01_LayoutXF\App01_LayoutXF.Android\App01_LayoutXF.Android.csproj", "{038ED248-FFE0-471D-9AB9-444F6E53439F}"
EndProject
Project("{FAE04EC0-301F-11D3-BF4B-00C04F79EFBC}") = "App01_LayoutXF.iOS", "App01_LayoutXF\App01_LayoutXF.iOS\App01_LayoutXF.iOS.csproj", "{EF47DEF2-C07A-4862-85E2-8E371231FB7F}"
EndProject
Project("{FAE04EC0-301F-11D3-BF4B-00C04F79EFBC}") = "App01_LayoutXF", "App01_LayoutXF\App01_LayoutXF\App01_LayoutXF.csproj", "{B42EF476-AC18-4439-986D-3317C154C174}"
EndProject
Global
	GlobalSection(SolutionConfigurationPlatforms) = preSolution
		Ad-Hoc|Any CPU = Ad-Hoc|Any CPU
		Ad-Hoc|iPhone = Ad-Hoc|iPhone
		Ad-Hoc|iPhoneSimulator = Ad-Hoc|iPhoneSimulator
		AppStore|Any CPU = AppStore|Any CPU
		AppStore|iPhone = AppStore|iPhone
		AppStore|iPhoneSimulator = AppStore|iPhoneSimulator
		Debug|Any CPU = Debug|Any CPU
		Debug|iPhone = Debug|iPhone
		Debug|iPhoneSimulator = Debug|iPhoneSimulator
		Release|Any CPU = Release|Any CPU
		Release|iPhone = Release|iPhone
		Release|iPhoneSimulator = Release|iPhoneSimulator
	EndGlobalSection
	GlobalSection(ProjectConfigurationPlatforms) = postSolution
		{038ED248-FFE0-471D-9AB9-444F6E53439F}.Ad-Hoc|Any CPU.ActiveCfg = Release|Any CPU
		{038ED248-FFE0-471D-9AB9-444F6E53439F}.Ad-Hoc|Any CPU.Build.0 = Release|Any CPU
		{038ED248-FFE0-471D-9AB9-444F6E53439F}.Ad-Hoc|Any CPU.Deploy.0 = Release|Any CPU
		{038ED248-FFE0-471D-9AB9-444F6E53439F}.Ad-Hoc|iPhone.ActiveCfg = Release|Any CPU
		{038ED248-FFE0-471D-9AB9-444F6E53439F}.Ad-Hoc|iPhone.Build.0 = Release|Any CPU
		{038ED248-FFE0-471D-9AB9-444F6E53439F}.Ad-Hoc|iPhone.Deploy.0 = Release|Any CPU
		{038ED248-FFE0-471D-9AB9-444F6E53439F}.Ad-Hoc|iPhoneSimulator.ActiveCfg = Release|Any CPU
		{038ED248-FFE0-471D-9AB9-444F6E53439F}.Ad-Hoc|iPhoneSimulator.Build.0 = Release|Any CPU
		{038ED248-FFE0-471D-9AB9-444F6E53439F}.Ad-Hoc|iPhoneSimulator.Deploy.0 = Release|Any CPU
		{038ED248-FFE0-471D-9AB9-444F6E53439F}.AppStore|Any CPU.ActiveCfg = Release|Any CPU
		{038ED248-FFE0-471D-9AB9-444F6E53439F}.AppStore|Any CPU.Build.0 = Release|Any CPU
		{038ED248-FFE0-471D-9AB9-444F6E53439F}.AppStore|Any CPU.Deploy.0 = Release|Any CPU
		{038ED248-FFE0-471D-9AB9-444F6E53439F}.AppStore|iPhone.ActiveCfg = Release|Any CPU
		{038ED248-FFE0-471D-9AB9-444F6E53439F}.AppStore|iPhone.Build.0 = Release|Any CPU
		{038ED248-FFE0-471D-9AB9-444F6E53439F}.AppStore|iPhone.Deploy.0 = Release|Any CPU
		{038ED248-FFE0-471D-9AB9-444F6E53439F}.AppStore|iPhoneSimulator.ActiveCfg = Release|Any CPU
		{038ED248-FFE0-471D-9AB9-444F6E53439F}.AppStore|iPhoneSimulator.Build.0 = Release|Any CPU
		{038ED248-FFE0-471D-9AB9-444F6E53439F}.AppStore|iPhoneSimulator.Deploy.0 = Release|Any CPU
		{038ED248-FFE0-471D-9AB9-444F6E53439F}.Debug|Any CPU.ActiveCfg = Debug|Any CPU
		{038ED248-FFE0-471D-9AB9-444F6E53439F}.Debug|Any CPU.Build.0 = Debug|Any CPU
		{038ED248-FFE0-471D-9AB9-444F6E53439F}.Debug|Any CPU.Deploy.0 = Debug|Any CPU
		{038ED248-FFE0-471D-9AB9-444F6E53439F}.Debug|iPhone.ActiveCfg = Debug|Any CPU
		{038ED248-FFE0-471D-9AB9-444F6E53439F}.Debug|iPhone.Build.0 = Debug|Any CPU
		{038ED248-FFE0-471D-9AB9-444F6E53439F}.Debug|iPhone.Deploy.0 = Debug|Any CPU
		{038ED248-FFE0-471D-9AB9-444F6E53439F}.Debug|iPhoneSimulator.ActiveCfg = Debug|Any CPU
		{038ED248-FFE0-471D-9AB9-444F6E53439F}.Debug|iPhoneSimulator.Build.0 = Debug|Any CPU
		{038ED248-FFE0-471D-9AB9-444F6E53439F}.Debug|iPhoneSimulator.Deploy.0 = Debug|Any CPU
		{038ED248-FFE0-471D-9AB9-444F6E53439F}.Release|Any CPU.ActiveCfg = Release|Any CPU
		{038ED248-FFE0-471D-9AB9-444F6E53439F}.Release|Any CPU.Build.0 = Release|Any CPU
		{038ED248-FFE0-471D-9AB9-444F6E53439F}.Release|Any CPU.Deploy.0 = Release|Any CPU
		{038ED248-FFE0-471D-9AB9-444F6E53439F}.Release|iPhone.ActiveCfg = Release|Any CPU
		{038ED248-FFE0-471D-9AB9-444F6E53439F}.Release|iPhone.Build.0 = Release|Any CPU
		{038ED248-FFE0-471D-9AB9-444F6E53439F}.Release|iPhone.Deploy.0 = Release|Any CPU
		{038ED248-FFE0-471D-9AB9-444F6E53439F}.Release|iPhoneSimulator.ActiveCfg = Release|Any CPU
		{038ED248-FFE0-471D-9AB9-444F6E53439F}.Release|iPhoneSimulator.Build.0 = Release|Any CPU
		{038ED248-FFE0-471D-9AB9-444F6E53439F}.Release|iPhoneSimulator.Deploy.0 = Release|Any CPU
		{EF47DEF2-C07A-4862-85E2-8E371231FB7F}.Ad-Hoc|Any CPU.ActiveCfg = Ad-Hoc|iPhone
		{EF47DEF2-C07A-4862-85E2-8E371231FB7F}.Ad-Hoc|Any CPU.Build.0 = Ad-Hoc|iPhone
		{EF47DEF2-C07A-4862-85E2-8E371231FB7F}.Ad-Hoc|Any CPU.Deploy.0 = Ad-Hoc|iPhone
		{EF47DEF2-C07A-4862-85E2-8E371231FB7F}.Ad-Hoc|iPhone.ActiveCfg = Ad-Hoc|iPhone
		{EF47DEF2-C07A-4862-85E2-8E371231FB7F}.Ad-Hoc|iPhone.Build.0 = Ad-Hoc|iPhone
		{EF47DEF2-C07A-4862-85E2-8E371231FB7F}.Ad-Hoc|iPhone.Deploy.0 = Ad-Hoc|iPhone
		{EF47DEF2-C07A-4862-85E2-8E371231FB7F}.Ad-Hoc|iPhoneSimulator.ActiveCfg = Ad-Hoc|iPhoneSimulator
		{EF47DEF2-C07A-4862-85E2-8E371231FB7F}.Ad-Hoc|iPhoneSimulator.Build.0 = Ad-Hoc|iPhoneSimulator
		{EF47DEF2-C07A-4862-85E2-8E371231FB7F}.Ad-Hoc|iPhoneSimulator.Deploy.0 = Ad-Hoc|iPhoneSimulator
		{EF47DEF2-C07A-4862-85E2-8E371231FB7F}.AppStore|Any CPU.ActiveCfg = AppStore|iPhone
		{EF47DEF2-C07A-4862-85E2-8E371231FB7F}.AppStore|Any CPU.Build.0 = AppStore|iPhone
		{EF47DEF2-C07A-4862-85E2-8E371231FB7F}.AppStore|Any CPU.Deploy.0 = AppStore|iPhone
		{EF47DEF2-C07A-4862-85E2-8E371231FB7F}.AppStore|iPhone.ActiveCfg = AppStore|iPhone
		{EF47DEF2-C07A-4862-85E2-8E371231FB7F}.AppStore|iPhone.Build.0 = AppStore|iPhone
		{EF47DEF2-C07A-4862-85E2-8E371231FB7F}.AppStore|iPhone.Deploy.0 = AppStore|iPhone
		{EF47DEF2-C07A-4862-85E2-8E371231FB7F}.AppStore|iPhoneSimulator.ActiveCfg = AppStore|iPhoneSimulator
		{EF47DEF2-C07A-4862-85E2-8E371231FB7F}.AppStore|iPhoneSimulator.Build.0 = AppStore|iPhoneSimulator
		{EF47DEF2-C07A-4862-85E2-8E371231FB7F}.AppStore|iPhoneSimulator.Deploy.0 = AppStore|iPhoneSimulator
		{EF47DEF2-C07A-4862-85E2-8E371231FB7F}.Debug|Any CPU.ActiveCfg = Debug|iPhoneSimulator
		{EF47DEF2-C07A-4862-85E2-8E371231FB7F}.Debug|Any CPU.Build.0 = Debug|iPhoneSimulator
		{EF47DEF2-C07A-4862-85E2-8E371231FB7F}.Debug|Any CPU.Deploy.0 = Debug|iPhoneSimulator
		{EF47DEF2-C07A-4862-85E2-8E371231FB7F}.Debug|iPhone.ActiveCfg = Debug|iPhone
		{EF47DEF2-C07A-4862-85E2-8E371231FB7F}.Debug|iPhone.Build.0 = Debug|iPhone
		{EF47DEF2-C07A-4862-85E2-8E371231FB7F}.Debug|iPhone.Deploy.0 = Debug|iPhone
		{EF47DEF2-C07A-4862-85E2-8E371231FB7F}.Debug|iPhoneSimulator.ActiveCfg = Debug|iPhoneSimulator
		{EF47DEF2-C07A-4862-85E2-8E371231FB7F}.Debug|iPhoneSimulator.Build.0 = Debug|iPhoneSimulator
		{EF47DEF2-C07A-4862-85E2-8E371231FB7F}.Debug|iPhoneSimulator.Deploy.0 = Debug|iPhoneSimulator
		{EF47DEF2-C07A-4862-85E2-8E371231FB7F}.Release|Any CPU.ActiveCfg = Release|iPhone
		{EF47DEF2-C07A-4862-85E2-8E371231FB7F}.Release|Any CPU.Build.0 = Release|iPhone
		{EF47DEF2-C07A-4862-85E2-8E371231FB7F}.Release|Any CPU.Deploy.0 = Release|iPhone
		{EF47DEF2-C07A-4862-85E2-8E371231FB7F}.Release|iPhone.ActiveCfg = Release|iPhone
		{EF47DEF2-C07A-4862-85E2-8E371231FB7F}.Release|iPhone.Build.0 = Release|iPhone
		{EF47DEF2-C07A-4862-85E2-8E371231FB7F}.Release|iPhone.Deploy.0 = Release|iPhone
		{EF47DEF2-C07A-4862-85E2-8E371231FB7F}.Release|iPhoneSimulator.ActiveCfg = Release|iPhoneSimulator
		{EF47DEF2-C07A-4862-85E2-8E371231FB7F}.Release|iPhoneSimulator.Build.0 = Release|iPhoneSimulator
		{EF47DEF2-C07A-4862-85E2-8E371231FB7F}.Release|iPhoneSimulator.Deploy.0 = Release|iPhoneSimulator
		{B42EF476-AC18-4439-986D-3317C154C174}.Ad-Hoc|Any CPU.ActiveCfg = Debug|Any CPU
		{B42EF476-AC18-4439-986D-3317C154C174}.Ad-Hoc|Any CPU.Build.0 = Debug|Any CPU
		{B42EF476-AC18-4439-986D-3317C154C174}.Ad-Hoc|Any CPU.Deploy.0 = Debug|Any CPU
		{B42EF476-AC18-4439-986D-3317C154C174}.Ad-Hoc|iPhone.ActiveCfg = Debug|Any CPU
		{B42EF476-AC18-4439-986D-3317C154C174}.Ad-Hoc|iPhone.Build.0 = Debug|Any CPU
		{B42EF476-AC18-4439-986D-3317C154C174}.Ad-Hoc|iPhone.Deploy.0 = Debug|Any CPU
		{B42EF476-AC18-4439-986D-3317C154C174}.Ad-Hoc|iPhoneSimulator.ActiveCfg = Debug|Any CPU
		{B42EF476-AC18-4439-986D-3317C154C174}.Ad-Hoc|iPhoneSimulator.Build.0 = Debug|Any CPU
		{B42EF476-AC18-4439-986D-3317C154C174}.Ad-Hoc|iPhoneSimulator.Deploy.0 = Debug|Any CPU
		{B42EF476-AC18-4439-986D-3317C154C174}.AppStore|Any CPU.ActiveCfg = Debug|Any CPU
		{B42EF476-AC18-4439-986D-3317C154C174}.AppStore|Any CPU.Build.0 = Debug|Any CPU
		{B42EF476-AC18-4439-986D-3317C154C174}.AppStore|Any CPU.Deploy.0 = Debug|Any CPU
		{B42EF476-AC18-4439-986D-3317C154C174}.AppStore|iPhone.ActiveCfg = Debug|Any CPU
		{B42EF476-AC18-4439-986D-3317C154C174}.AppStore|iPhone.Build.0 = Debug|Any CPU
		{B42EF476-AC18-4439-986D-3317C154C174}.AppStore|iPhone.Deploy.0 = Debug|Any CPU
		{B42EF476-AC18-4439-986D-3317C154C174}.AppStore|iPhoneSimulator.ActiveCfg = Debug|Any CPU
		{B42EF476-AC18-4439-986D-3317C154C174}.AppStore|iPhoneSimulator.Build.0 = Debug|Any CPU
		{B42EF476-AC18-4439-986D-3317C154C174}.AppStore|iPhoneSimulator.Deploy.0 = Debug|Any CPU
		{B42EF476-AC18-4439-986D-3317C154C174}.Debug|Any CPU.ActiveCfg = Debug|Any CPU
		{B42EF476-AC18-4439-986D-3317C154C174}.Debug|Any CPU.Build.0 = Debug|Any CPU
		{B42EF476-AC18-4439-986D-3317C154C174}.Debug|Any CPU.Deploy.0 = Debug|Any CPU
		{B42EF476-AC18-4439-986D-3317C154C174}.Debug|iPhone.ActiveCfg = Debug|Any CPU
		{B42EF476-AC18-4439-986D-3317C154C174}.Debug|iPhone.Build.0 = Debug|Any CPU
		{B42EF476-AC18-4439-986D-3317C154C174}.Debug|iPhone.Deploy.0 = Debug|Any CPU
		{B42EF476-AC18-4439-986D-3317C154C174}.Debug|iPhoneSimulator.ActiveCfg = Debug|Any CPU
		{B42EF476-AC18-4439-986D-3317C154C174}.Debug|iPhoneSimulator.Build.0 = Debug|Any CPU
		{B42EF476-AC18-4439-986D-3317C154C174}.Debug|iPhoneSimulator.Deploy.0 = Debug|Any CPU
		{B42EF476-AC18-4439-986D-3317C154C174}.Release|Any CPU.ActiveCfg = Release|Any CPU
		{B42EF476-AC18-4439-986D-3317C154C174}.Release|Any CPU.Build.0 = Release|Any CPU
		{B42EF476-AC18-4439-986D-3317C154C174}.Release|Any CPU.Deploy.0 = Release|Any CPU
		{B42EF476-AC18-4439-986D-3317C154C174}.Release|iPhone.ActiveCfg = Release|Any CPU
		{B42EF476-AC18-4439-986D-3317C154C174}.Release|iPhone.Build.0 = Release|Any CPU
		{B42EF476-AC18-4439-986D-3317C154C174}.Release|iPhone.Deploy.0 = Release|Any CPU
		{B42EF476-AC18-4439-986D-3317C154C174}.Release|iPhoneSimulator.ActiveCfg = Release|Any CPU
		{B42EF476-AC18-4439-986D-3317C154C174}.Release|iPhoneSimulator.Build.0 = Release|Any CPU
		{B42EF476-AC18-4439-986D-3317C154C174}.Release|iPhoneSimulator.Deploy.0 = Release|Any CPU
	EndGlobalSection
	GlobalSection(SolutionProperties) = preSolution
		HideSolutionNode = FALSE
	EndGlobalSection
	GlobalSection(ExtensibilityGlobals) = postSolution
		SolutionGuid = {32059E07-158C-4423-8245-7DFB95BBD230}
	EndGlobalSection
EndGlobal
